// !$*UTF8*$!
{
	archiveVersion = 1;
	classes = {
	};
	objectVersion = 46;
	objects = {

/* Begin PBXBuildFile section */
		2F7EFD691B0250C200C3BAE0 /* AppDelegate.swift in Sources */ = {isa = PBXBuildFile; fileRef = 2F7EFD681B0250C200C3BAE0 /* AppDelegate.swift */; };
		2F7EFD6B1B0250C200C3BAE0 /* ViewController.swift in Sources */ = {isa = PBXBuildFile; fileRef = 2F7EFD6A1B0250C200C3BAE0 /* ViewController.swift */; };
		2F7EFD6E1B0250C200C3BAE0 /* Main.storyboard in Resources */ = {isa = PBXBuildFile; fileRef = 2F7EFD6C1B0250C200C3BAE0 /* Main.storyboard */; };
		2F7EFD701B0250C200C3BAE0 /* Images.xcassets in Resources */ = {isa = PBXBuildFile; fileRef = 2F7EFD6F1B0250C200C3BAE0 /* Images.xcassets */; };
		2F7EFD731B0250C200C3BAE0 /* LaunchScreen.xib in Resources */ = {isa = PBXBuildFile; fileRef = 2F7EFD711B0250C200C3BAE0 /* LaunchScreen.xib */; };
		2F7EFD7F1B0250C200C3BAE0 /* BreakItTests.swift in Sources */ = {isa = PBXBuildFile; fileRef = 2F7EFD7E1B0250C200C3BAE0 /* BreakItTests.swift */; };
/* End PBXBuildFile section */

/* Begin PBXContainerItemProxy section */
		2F7EFD791B0250C200C3BAE0 /* PBXContainerItemProxy */ = {
			isa = PBXContainerItemProxy;
			containerPortal = 2F7EFD5B1B0250C200C3BAE0 /* Project object */;
			proxyType = 1;
			remoteGlobalIDString = 2F7EFD621B0250C200C3BAE0;
			remoteInfo = BreakIt;
		};
/* End PBXContainerItemProxy section */

/* Begin PBXFileReference section */
		2F7EFD631B0250C200C3BAE0 /* BreakIt.app */ = {isa = PBXFileReference; explicitFileType = wrapper.application; includeInIndex = 0; path = BreakIt.app; sourceTree = BUILT_PRODUCTS_DIR; };
		2F7EFD671B0250C200C3BAE0 /* Info.plist */ = {isa = PBXFileReference; lastKnownFileType = text.plist.xml; path = Info.plist; sourceTree = "<group>"; };
		2F7EFD681B0250C200C3BAE0 /* AppDelegate.swift */ = {isa = PBXFileReference; lastKnownFileType = sourcecode.swift; path = AppDelegate.swift; sourceTree = "<group>"; };
		2F7EFD6A1B0250C200C3BAE0 /* ViewController.swift */ = {isa = PBXFileReference; lastKnownFileType = sourcecode.swift; path = ViewController.swift; sourceTree = "<group>"; };
		2F7EFD6D1B0250C200C3BAE0 /* Base */ = {isa = PBXFileReference; lastKnownFileType = file.storyboard; name = Base; path = Base.lproj/Main.storyboard; sourceTree = "<group>"; };
		2F7EFD6F1B0250C200C3BAE0 /* Images.xcassets */ = {isa = PBXFileReference; lastKnownFileType = folder.assetcatalog; path = Images.xcassets; sourceTree = "<group>"; };
		2F7EFD721B0250C200C3BAE0 /* Base */ = {isa = PBXFileReference; lastKnownFileType = file.xib; name = Base; path = Base.lproj/LaunchScreen.xib; sourceTree = "<group>"; };
		2F7EFD781B0250C200C3BAE0 /* BreakItTests.xctest */ = {isa = PBXFileReference; explicitFileType = wrapper.cfbundle; includeInIndex = 0; path = BreakItTests.xctest; sourceTree = BUILT_PRODUCTS_DIR; };
		2F7EFD7D1B0250C200C3BAE0 /* Info.plist */ = {isa = PBXFileReference; lastKnownFileType = text.plist.xml; path = Info.plist; sourceTree = "<group>"; };
		2F7EFD7E1B0250C200C3BAE0 /* BreakItTests.swift */ = {isa = PBXFileReference; lastKnownFileType = sourcecode.swift; path = BreakItTests.swift; sourceTree = "<group>"; };
/* End PBXFileReference section */

/* Begin PBXFrameworksBuildPhase section */
		2F7EFD601B0250C200C3BAE0 /* Frameworks */ = {
			isa = PBXFrameworksBuildPhase;
			buildActionMask = 2147483647;
			files = (
			);
			runOnlyForDeploymentPostprocessing = 0;
		};
		2F7EFD751B0250C200C3BAE0 /* Frameworks */ = {
			isa = PBXFrameworksBuildPhase;
			buildActionMask = 2147483647;
			files = (
			);
			runOnlyForDeploymentPostprocessing = 0;
		};
/* End PBXFrameworksBuildPhase section */

/* Begin PBXGroup section */
		2F7EFD5A1B0250C200C3BAE0 = {
			isa = PBXGroup;
			children = (
				2F7EFD651B0250C200C3BAE0 /* BreakIt */,
				2F7EFD7B1B0250C200C3BAE0 /* BreakItTests */,
				2F7EFD641B0250C200C3BAE0 /* Products */,
			);
			sourceTree = "<group>";
		};
		2F7EFD641B0250C200C3BAE0 /* Products */ = {
			isa = PBXGroup;
			children = (
				2F7EFD631B0250C200C3BAE0 /* BreakIt.app */,
				2F7EFD781B0250C200C3BAE0 /* BreakItTests.xctest */,
			);
			name = Products;
			sourceTree = "<group>";
		};
		2F7EFD651B0250C200C3BAE0 /* BreakIt */ = {
			isa = PBXGroup;
			children = (
				2F7EFD681B0250C200C3BAE0 /* AppDelegate.swift */,
				2F7EFD6A1B0250C200C3BAE0 /* ViewController.swift */,
				2F7EFD6C1B0250C200C3BAE0 /* Main.storyboard */,
				2F7EFD6F1B0250C200C3BAE0 /* Images.xcassets */,
				2F7EFD711B0250C200C3BAE0 /* LaunchScreen.xib */,
				2F7EFD661B0250C200C3BAE0 /* Supporting Files */,
			);
			path = BreakIt;
			sourceTree = "<group>";
		};
		2F7EFD661B0250C200C3BAE0 /* Supporting Files */ = {
			isa = PBXGroup;
			children = (
				2F7EFD671B0250C200C3BAE0 /* Info.plist */,
			);
			name = "Supporting Files";
			sourceTree = "<group>";
		};
		2F7EFD7B1B0250C200C3BAE0 /* BreakItTests */ = {
			isa = PBXGroup;
			children = (
				2F7EFD7E1B0250C200C3BAE0 /* BreakItTests.swift */,
				2F7EFD7C1B0250C200C3BAE0 /* Supporting Files */,
			);
			path = BreakItTests;
			sourceTree = "<group>";
		};
		2F7EFD7C1B0250C200C3BAE0 /* Supporting Files */ = {
			isa = PBXGroup;
			children = (
				2F7EFD7D1B0250C200C3BAE0 /* Info.plist */,
			);
			name = "Supporting Files";
			sourceTree = "<group>";
		};
/* End PBXGroup section */

/* Begin PBXNativeTarget section */
		2F7EFD621B0250C200C3BAE0 /* BreakIt */ = {
			isa = PBXNativeTarget;
			buildConfigurationList = 2F7EFD821B0250C200C3BAE0 /* Build configuration list for PBXNativeTarget "BreakIt" */;
			buildPhases = (
				2F7EFD5F1B0250C200C3BAE0 /* Sources */,
				2F7EFD601B0250C200C3BAE0 /* Frameworks */,
				2F7EFD611B0250C200C3BAE0 /* Resources */,
			);
			buildRules = (
			);
			dependencies = (
			);
			name = BreakIt;
			productName = BreakIt;
			productReference = 2F7EFD631B0250C200C3BAE0 /* BreakIt.app */;
			productType = "com.apple.product-type.application";
		};
		2F7EFD771B0250C200C3BAE0 /* BreakItTests */ = {
			isa = PBXNativeTarget;
			buildConfigurationList = 2F7EFD851B0250C200C3BAE0 /* Build configuration list for PBXNativeTarget "BreakItTests" */;
			buildPhases = (
				2F7EFD741B0250C200C3BAE0 /* Sources */,
				2F7EFD751B0250C200C3BAE0 /* Frameworks */,
				2F7EFD761B0250C200C3BAE0 /* Resources */,
			);
			buildRules = (
			);
			dependencies = (
				2F7EFD7A1B0250C200C3BAE0 /* PBXTargetDependency */,
			);
			name = BreakItTests;
			productName = BreakItTests;
			productReference = 2F7EFD781B0250C200C3BAE0 /* BreakItTests.xctest */;
			productType = "com.apple.product-type.bundle.unit-test";
		};
/* End PBXNativeTarget section */

/* Begin PBXProject section */
		2F7EFD5B1B0250C200C3BAE0 /* Project object */ = {
			isa = PBXProject;
			attributes = {
				LastUpgradeCheck = 0630;
				ORGANIZATIONNAME = yangyang;
				TargetAttributes = {
					2F7EFD621B0250C200C3BAE0 = {
						CreatedOnToolsVersion = 6.3.1;
					};
					2F7EFD771B0250C200C3BAE0 = {
						CreatedOnToolsVersion = 6.3.1;
						TestTargetID = 2F7EFD621B0250C200C3BAE0;
					};
				};
			};
			buildConfigurationList = 2F7EFD5E1B0250C200C3BAE0 /* Build configuration list for PBXProject "BreakIt" */;
			compatibilityVersion = "Xcode 3.2";
			developmentRegion = English;
			hasScannedForEncodings = 0;
			knownRegions = (
				en,
				Base,
			);
			mainGroup = 2F7EFD5A1B0250C200C3BAE0;
			productRefGroup = 2F7EFD641B0250C200C3BAE0 /* Products */;
			projectDirPath = "";
			projectRoot = "";
			targets = (
				2F7EFD621B0250C200C3BAE0 /* BreakIt */,
				2F7EFD771B0250C200C3BAE0 /* BreakItTests */,
			);
		};
/* End PBXProject section */

/* Begin PBXResourcesBuildPhase section */
		2F7EFD611B0250C200C3BAE0 /* Resources */ = {
			isa = PBXResourcesBuildPhase;
			buildActionMask = 2147483647;
			files = (
				2F7EFD6E1B0250C200C3BAE0 /* Main.storyboard in Resources */,
				2F7EFD731B0250C200C3BAE0 /* LaunchScreen.xib in Resources */,
				2F7EFD701B0250C200C3BAE0 /* Images.xcassets in Resources */,
			);
			runOnlyForDeploymentPostprocessing = 0;
		};
		2F7EFD761B0250C200C3BAE0 /* Resources */ = {
			isa = PBXResourcesBuildPhase;
			buildActionMask = 2147483647;
			files = (
			);
			runOnlyForDeploymentPostprocessing = 0;
		};
/* End PBXResourcesBuildPhase section */

/* Begin PBXSourcesBuildPhase section */
		2F7EFD5F1B0250C200C3BAE0 /* Sources */ = {
			isa = PBXSourcesBuildPhase;
			buildActionMask = 2147483647;
			files = (
				2F7EFD6B1B0250C200C3BAE0 /* ViewController.swift in Sources */,
				2F7EFD691B0250C200C3BAE0 /* AppDelegate.swift in Sources */,
			);
			runOnlyForDeploymentPostprocessing = 0;
		};
		2F7EFD741B0250C200C3BAE0 /* Sources */ = {
			isa = PBXSourcesBuildPhase;
			buildActionMask = 2147483647;
			files = (
				2F7EFD7F1B0250C200C3BAE0 /* BreakItTests.swift in Sources */,
			);
			runOnlyForDeploymentPostprocessing = 0;
		};
/* End PBXSourcesBuildPhase section */

/* Begin PBXTargetDependency section */
		2F7EFD7A1B0250C200C3BAE0 /* PBXTargetDependency */ = {
			isa = PBXTargetDependency;
			target = 2F7EFD621B0250C200C3BAE0 /* BreakIt */;
			targetProxy = 2F7EFD791B0250C200C3BAE0 /* PBXContainerItemProxy */;
		};
/* End PBXTargetDependency section */

/* Begin PBXVariantGroup section */
		2F7EFD6C1B0250C200C3BAE0 /* Main.storyboard */ = {
			isa = PBXVariantGroup;
			children = (
				2F7EFD6D1B0250C200C3BAE0 /* Base */,
			);
			name = Main.storyboard;
			sourceTree = "<group>";
		};
		2F7EFD711B0250C200C3BAE0 /* LaunchScreen.xib */ = {
			isa = PBXVariantGroup;
			children = (
				2F7EFD721B0250C200C3BAE0 /* Base */,
			);
			name = LaunchScreen.xib;
			sourceTree = "<group>";
		};
/* End PBXVariantGroup section */

/* Begin XCBuildConfiguration section */
		2F7EFD801B0250C200C3BAE0 /* Debug */ = {
			isa = XCBuildConfiguration;
			buildSettings = {
				ALWAYS_SEARCH_USER_PATHS = NO;
				CLANG_CXX_LANGUAGE_STANDARD = "gnu++0x";
				CLANG_CXX_LIBRARY = "libc++";
				CLANG_ENABLE_MODULES = YES;
				CLANG_ENABLE_OBJC_ARC = YES;
				CLANG_WARN_BOOL_CONVERSION = YES;
				CLANG_WARN_CONSTANT_CONVERSION = YES;
				CLANG_WARN_DIRECT_OBJC_ISA_USAGE = YES_ERROR;
				CLANG_WARN_EMPTY_BODY = YES;
				CLANG_WARN_ENUM_CONVERSION = YES;
				CLANG_WARN_INT_CONVERSION = YES;
				CLANG_WARN_OBJC_ROOT_CLASS = YES_ERROR;
				CLANG_WARN_UNREACHABLE_CODE = YES;
				CLANG_WARN__DUPLICATE_METHOD_MATCH = YES;
				"CODE_SIGN_IDENTITY[sdk=iphoneos*]" = "iPhone Developer";
				COPY_PHASE_STRIP = NO;
				DEBUG_INFORMATION_FORMAT = "dwarf-with-dsym";
				ENABLE_STRICT_OBJC_MSGSEND = YES;
				GCC_C_LANGUAGE_STANDARD = gnu99;
				GCC_DYNAMIC_NO_PIC = NO;
				GCC_NO_COMMON_BLOCKS = YES;
				GCC_OPTIMIZATION_LEVEL = 0;
				GCC_PREPROCESSOR_DEFINITIONS = (
					"DEBUG=1",
					"$(inherited)",
				);
				GCC_SYMBOLS_PRIVATE_EXTERN = NO;
				GCC_WARN_64_TO_32_BIT_CONVERSION = YES;
				GCC_WARN_ABOUT_RETURN_TYPE = YES_ERROR;
				GCC_WARN_UNDECLARED_SELECTOR = YES;
				GCC_WARN_UNINITIALIZED_AUTOS = YES_AGGRESSIVE;
				GCC_WARN_UNUSED_FUNCTION = YES;
				GCC_WARN_UNUSED_VARIABLE = YES;
				IPHONEOS_DEPLOYMENT_TARGET = 8.3;
				MTL_ENABLE_DEBUG_INFO = YES;
				ONLY_ACTIVE_ARCH = YES;
				SDKROOT = iphoneos;
				SWIFT_OPTIMIZATION_LEVEL = "-Onone";
				TARGETED_DEVICE_FAMILY = "1,2";
			};
			name = Debug;
		};
		2F7EFD811B0250C200C3BAE0 /* Release */ = {
			isa = XCBuildConfiguration;
			buildSettings = {
				ALWAYS_SEARCH_USER_PATHS = NO;
				CLANG_CXX_LANGUAGE_STANDARD = "gnu++0x";
				CLANG_CXX_LIBRARY = "libc++";
				CLANG_ENABLE_MODULES = YES;
				CLANG_ENABLE_OBJC_ARC = YES;
				CLANG_WARN_BOOL_CONVERSION = YES;
				CLANG_WARN_CONSTANT_CONVERSION = YES;
				CLANG_WARN_DIRECT_OBJC_ISA_USAGE = YES_ERROR;
				CLANG_WARN_EMPTY_BODY = YES;
				CLANG_WARN_ENUM_CONVERSION = YES;
				CLANG_WARN_INT_CONVERSION = YES;
				CLANG_WARN_OBJC_ROOT_CLASS = YES_ERROR;
				CLANG_WARN_UNREACHABLE_CODE = YES;
				CLANG_WARN__DUPLICATE_METHOD_MATCH = YES;
				"CODE_SIGN_IDENTITY[sdk=iphoneos*]" = "iPhone Developer";
				COPY_PHASE_STRIP = NO;
				DEBUG_INFORMATION_FORMAT = "dwarf-with-dsym";
				ENABLE_NS_ASSERTIONS = NO;
				ENABLE_STRICT_OBJC_MSGSEND = YES;
				GCC_C_LANGUAGE_STANDARD = gnu99;
				GCC_NO_COMMON_BLOCKS = YES;
				GCC_WARN_64_TO_32_BIT_CONVERSION = YES;
				GCC_WARN_ABOUT_RETURN_TYPE = YES_ERROR;
				GCC_WARN_UNDECLARED_SELECTOR = YES;
				GCC_WARN_UNINITIALIZED_AUTOS = YES_AGGRESSIVE;
				GCC_WARN_UNUSED_FUNCTION = YES;
				GCC_WARN_UNUSED_VARIABLE = YES;
				IPHONEOS_DEPLOYMENT_TARGET = 8.3;
				MTL_ENABLE_DEBUG_INFO = NO;
				SDKROOT = iphoneos;
				TARGETED_DEVICE_FAMILY = "1,2";
				VALIDATE_PRODUCT = YES;
			};
			name = Release;
		};
		2F7EFD831B0250C200C3BAE0 /* Debug */ = {
			isa = XCBuildConfiguration;
			buildSettings = {
				ASSETCATALOG_COMPILER_APPICON_NAME = AppIcon;
				INFOPLIST_FILE = BreakIt/Info.plist;
				LD_RUNPATH_SEARCH_PATHS = "$(inherited) @executable_path/Frameworks";
				PRODUCT_NAME = "$(TARGET_NAME)";
			};
			name = Debug;
		};
		2F7EFD841B0250C200C3BAE0 /* Release */ = {
			isa = XCBuildConfiguration;
			buildSettings = {
				ASSETCATALOG_COMPILER_APPICON_NAME = AppIcon;
				INFOPLIST_FILE = BreakIt/Info.plist;
				LD_RUNPATH_SEARCH_PATHS = "$(inherited) @executable_path/Frameworks";
				PRODUCT_NAME = "$(TARGET_NAME)";
			};
			name = Release;
		};
		2F7EFD861B0250C200C3BAE0 /* Debug */ = {
			isa = XCBuildConfiguration;
			buildSettings = {
				BUNDLE_LOADER = "$(TEST_HOST)";
				FRAMEWORK_SEARCH_PATHS = (
					"$(SDKROOT)/Developer/Library/Frameworks",
					"$(inherited)",
				);
				GCC_PREPROCESSOR_DEFINITIONS = (
					"DEBUG=1",
					"$(inherited)",
				);
				INFOPLIST_FILE = BreakItTests/Info.plist;
				LD_RUNPATH_SEARCH_PATHS = "$(inherited) @executable_path/Frameworks @loader_path/Frameworks";
				PRODUCT_NAME = "$(TARGET_NAME)";
				TEST_HOST = "$(BUILT_PRODUCTS_DIR)/BreakIt.app/BreakIt";
			};
			name = Debug;
		};
		2F7EFD871B0250C200C3BAE0 /* Release */ = {
			isa = XCBuildConfiguration;
			buildSettings = {
				BUNDLE_LOADER = "$(TEST_HOST)";
				FRAMEWORK_SEARCH_PATHS = (
					"$(SDKROOT)/Developer/Library/Frameworks",
					"$(inherited)",
				);
				INFOPLIST_FILE = BreakItTests/Info.plist;
				LD_RUNPATH_SEARCH_PATHS = "$(inherited) @executable_path/Frameworks @loader_path/Frameworks";
				PRODUCT_NAME = "$(TARGET_NAME)";
				TEST_HOST = "$(BUILT_PRODUCTS_DIR)/BreakIt.app/BreakIt";
			};
			name = Release;
		};
/* End XCBuildConfiguration section */

/* Begin XCConfigurationList section */
		2F7EFD5E1B0250C200C3BAE0 /* Build configuration list for PBXProject "BreakIt" */ = {
			isa = XCConfigurationList;
			buildConfigurations = (
				2F7EFD801B0250C200C3BAE0 /* Debug */,
				2F7EFD811B0250C200C3BAE0 /* Release */,
			);
			defaultConfigurationIsVisible = 0;
			defaultConfigurationName = Release;
		};
		2F7EFD821B0250C200C3BAE0 /* Build configuration list for PBXNativeTarget "BreakIt" */ = {
			isa = XCConfigurationList;
			buildConfigurations = (
				2F7EFD831B0250C200C3BAE0 /* Debug */,
				2F7EFD841B0250C200C3BAE0 /* Release */,
			);
			defaultConfigurationIsVisible = 0;
		};
		2F7EFD851B0250C200C3BAE0 /* Build configuration list for PBXNativeTarget "BreakItTests" */ = {
			isa = XCConfigurationList;
			buildConfigurations = (
				2F7EFD861B0250C200C3BAE0 /* Debug */,
				2F7EFD871B0250C200C3BAE0 /* Release */,
			);
			defaultConfigurationIsVisible = 0;
		};
/* End XCConfigurationList section */
	};
	rootObject = 2F7EFD5B1B0250C200C3BAE0 /* Project object */;
}
